# THIS IS AN AUTOGENERATED FILE. DO NOT EDIT THIS FILE DIRECTLY.
# yarn lockfile v1


sassy-inputs@1.0.6:
  version "1.0.6"
  resolved "https://registry.yarnpkg.com/sassy-inputs/-/sassy-inputs-1.0.6.tgz#3316feac511e414e6ad18913f76c181fe1f6d052"
  integrity sha512-eIurZutXlJEx1veR7LKTI2PQFN5DY/rDHoZCOpKWe/xavXYFeZ1BniFO8V9+AR3gYb4LgOHWPjlbtkX+obVzcA==
